<?xml version="1.0" encoding="utf-8"?>
<Project ToolsVersion="4.0" xmlns="http://schemas.microsoft.com/developer/msbuild/2003">
  <ItemGroup>
    <Filter Include="Source Files">
      <UniqueIdentifier>{4FC737F1-C7A5-4376-A066-2A32D752A2FF}</UniqueIdentifier>
      <Extensions>cpp;c;cc;cxx;def;odl;idl;hpj;bat;asm;asmx</Extensions>
    </Filter>
    <Filter Include="Header Files">
      <UniqueIdentifier>{93995380-89BD-4b04-88EB-625FBE52EBFB}</UniqueIdentifier>
      <Extensions>h;hh;hpp;hxx;hm;inl;inc;xsd</Extensions>
    </Filter>
    <Filter Include="Resource Files">
      <UniqueIdentifier>{67DA6AB6-F800-4c08-8B7A-83BB121AAD01}</UniqueIdentifier>
      <Extensions>rc;ico;cur;bmp;dlg;rc2;rct;bin;rgs;gif;jpg;jpeg;jpe;resx;tiff;tif;png;wav;mfcribbon-ms</Extensions>
    </Filter>
    <Filter Include="Header Files\Pipeline Components">
      <UniqueIdentifier>{d5c15d08-a902-4665-b01c-a1fecb7f7411}</UniqueIdentifier>
    </Filter>
    <Filter Include="Header Files\Camera">
      <UniqueIdentifier>{1b26d2a5-8d33-46a7-a5e8-63c6f5caddbe}</UniqueIdentifier>
    </Filter>
    <Filter Include="Header Files\DirectXTex">
      <UniqueIdentifier>{2d81a223-3a1e-408d-a4e9-7612865e68d1}</UniqueIdentifier>
    </Filter>
    <Filter Include="Header Files\Global">
      <UniqueIdentifier>{8c36cedc-5af9-4b1c-bff1-af181b94f93b}</UniqueIdentifier>
    </Filter>
    <Filter Include="Header Files\Window">
      <UniqueIdentifier>{d8990753-9f01-4d8e-aa1a-ce74a1fdd90f}</UniqueIdentifier>
    </Filter>
    <Filter Include="Source Files\Pipeline Components">
      <UniqueIdentifier>{c724dfaa-5c58-41ec-8461-998fa1632264}</UniqueIdentifier>
    </Filter>
    <Filter Include="Source Files\Camera">
      <UniqueIdentifier>{c46e3c3e-223e-4f15-9aeb-d03aec52f81e}</UniqueIdentifier>
    </Filter>
    <Filter Include="Source Files\DirectXTex">
      <UniqueIdentifier>{70a24450-807f-479e-9808-aba6ac187561}</UniqueIdentifier>
    </Filter>
    <Filter Include="Source Files\Window">
      <UniqueIdentifier>{a79baedb-7444-43d0-bcba-00cec4a0e7d5}</UniqueIdentifier>
    </Filter>
    <Filter Include="Source Files\HLSL">
      <UniqueIdentifier>{2729021e-b202-44ad-b5ee-938c41258347}</UniqueIdentifier>
    </Filter>
    <Filter Include="Source Files\HLSL\StandardShaders">
      <UniqueIdentifier>{ab6384ef-2b56-4501-be6d-d8b3b8178836}</UniqueIdentifier>
    </Filter>
    <Filter Include="Header Files\Deferred Renderer">
      <UniqueIdentifier>{118584c7-334b-4de3-b483-185368df9cc0}</UniqueIdentifier>
    </Filter>
    <Filter Include="Source Files\Deferred Renderer">
      <UniqueIdentifier>{81ccada0-36f2-4186-a0d2-6fad0b3f45a6}</UniqueIdentifier>
    </Filter>
    <Filter Include="Source Files\HLSL\DeferredShader_Default">
      <UniqueIdentifier>{fa934e68-dc32-419e-8461-46cf20535760}</UniqueIdentifier>
    </Filter>
    <Filter Include="Source Files\Global">
      <UniqueIdentifier>{0ee67af2-cc6a-4f6f-8d87-f61be31ddedd}</UniqueIdentifier>
    </Filter>
    <Filter Include="Header Files\Character">
      <UniqueIdentifier>{5d3e005c-a269-453c-bbaf-a747c80a3b78}</UniqueIdentifier>
    </Filter>
    <Filter Include="Source Files\Character">
      <UniqueIdentifier>{1cbf2cb9-c791-4e11-bdc3-3c9975885a5d}</UniqueIdentifier>
    </Filter>
    <Filter Include="Source Files\HLSL\CubeShaders">
      <UniqueIdentifier>{aabe989c-cdcb-4633-9406-2d59c4f83b96}</UniqueIdentifier>
    </Filter>
    <Filter Include="Source Files\HLSL\LightShaders">
      <UniqueIdentifier>{2d9bddc7-44d5-40f9-a954-e8b5158fe4e8}</UniqueIdentifier>
    </Filter>
    <Filter Include="Source Files\GameState">
      <UniqueIdentifier>{a54cdd99-7277-471f-8444-272b2544186b}</UniqueIdentifier>
    </Filter>
    <Filter Include="Header Files\GameState">
      <UniqueIdentifier>{7bde820a-7357-41e1-81a9-d8f35cc143b3}</UniqueIdentifier>
    </Filter>
    <Filter Include="Source Files\HLSL\MenuShaders">
      <UniqueIdentifier>{955df009-0008-4c42-83e6-6c6ea89f8593}</UniqueIdentifier>
    </Filter>
    <Filter Include="Header Files\BulletComponents">
      <UniqueIdentifier>{57caae69-6712-4661-9152-4ee54ba02244}</UniqueIdentifier>
    </Filter>
    <Filter Include="Source Files\BulletComponents">
      <UniqueIdentifier>{9745d815-8387-443e-a7d7-872d87d6c5a9}</UniqueIdentifier>
    </Filter>
    <Filter Include="Source Files\HLSL\EnemyShaders">
      <UniqueIdentifier>{cdbb6087-8e59-409e-a15f-740b8c3490d5}</UniqueIdentifier>
    </Filter>
    <Filter Include="Source Files\HLSL\LavaShaders">
      <UniqueIdentifier>{889167de-cb34-4bb9-b214-05791ae3e389}</UniqueIdentifier>
    </Filter>
    <Filter Include="Source Files\HLSL\ProjectileShaders">
      <UniqueIdentifier>{8c55d5ef-1fe7-403b-963b-d9787f1de2ad}</UniqueIdentifier>
    </Filter>
    <Filter Include="Source Files\HLSL\ShadowShader">
      <UniqueIdentifier>{4435caeb-22f1-4f86-9a65-dce945e6c0b2}</UniqueIdentifier>
    </Filter>
    <Filter Include="Source Files\AI">
      <UniqueIdentifier>{6de6a933-c2ea-4c0a-b788-0beffe50105f}</UniqueIdentifier>
    </Filter>
    <Filter Include="Source Files\Lava">
      <UniqueIdentifier>{809b2125-0003-435e-b5e7-2f4654f89fbc}</UniqueIdentifier>
    </Filter>
    <Filter Include="Source Files\FileImporter">
      <UniqueIdentifier>{8a2e5741-6470-4913-ba1e-9ff9c0a7369d}</UniqueIdentifier>
    </Filter>
    <Filter Include="Source Files\AnimationHandler">
      <UniqueIdentifier>{9bd7c2d9-c678-4e86-82d2-cae889f814b3}</UniqueIdentifier>
    </Filter>
    <Filter Include="Header Files\Lava">
      <UniqueIdentifier>{ab9533d4-7b9c-4700-8edb-97a5addbc7df}</UniqueIdentifier>
    </Filter>
    <Filter Include="Header Files\AI">
      <UniqueIdentifier>{67477af9-d5dc-43e5-b6fe-773090e71a12}</UniqueIdentifier>
    </Filter>
    <Filter Include="Header Files\FileImporter">
      <UniqueIdentifier>{95d50595-2132-4cc0-980e-389ab0362826}</UniqueIdentifier>
    </Filter>
    <Filter Include="Header Files\AnimationHandler">
      <UniqueIdentifier>{47dccfb6-b965-4518-b6ac-dd883bb7e82c}</UniqueIdentifier>
    </Filter>
  </ItemGroup>
  <ItemGroup>
    <ClCompile Include="main.cpp">
      <Filter>Source Files</Filter>
    </ClCompile>
    <ClCompile Include="BufferComponents.cpp">
      <Filter>Source Files\Pipeline Components</Filter>
    </ClCompile>
    <ClCompile Include="GraphicComponents.cpp">
      <Filter>Source Files\Pipeline Components</Filter>
    </ClCompile>
    <ClCompile Include="TextureComponents.cpp">
      <Filter>Source Files\Pipeline Components</Filter>
    </ClCompile>
    <ClCompile Include="Camera.cpp">
      <Filter>Source Files\Camera</Filter>
    </ClCompile>
    <ClCompile Include="WICTextureLoader.cpp">
      <Filter>Source Files\DirectXTex</Filter>
    </ClCompile>
    <ClCompile Include="Window.cpp">
      <Filter>Source Files\Window</Filter>
    </ClCompile>
    <ClCompile Include="DeferredBuffersClass.cpp">
      <Filter>Source Files\Deferred Renderer</Filter>
    </ClCompile>
    <ClCompile Include="DeferredShaderClass.cpp">
      <Filter>Source Files\Deferred Renderer</Filter>
    </ClCompile>
    <ClCompile Include="Timer.cpp">
      <Filter>Source Files\Global</Filter>
    </ClCompile>
    <ClCompile Include="SceneContainer.cpp">
      <Filter>Source Files\Global</Filter>
    </ClCompile>
    <ClCompile Include="CharacterBase.cpp">
      <Filter>Source Files\Character</Filter>
    </ClCompile>
    <ClCompile Include="MainCharacter.cpp">
      <Filter>Source Files\Character</Filter>
    </ClCompile>
    <ClCompile Include="LightShaderClass.cpp">
      <Filter>Source Files\Deferred Renderer</Filter>
    </ClCompile>
    <ClCompile Include="GameState.cpp">
      <Filter>Source Files\GameState</Filter>
    </ClCompile>
    <ClCompile Include="BulletComponents.cpp">
      <Filter>Source Files\BulletComponents</Filter>
    </ClCompile>
    <ClCompile Include="BasicMath.cpp">
      <Filter>Source Files\Global</Filter>
    </ClCompile>
    <ClCompile Include="Enemies.cpp">
      <Filter>Source Files\Character</Filter>
    </ClCompile>
    <ClCompile Include="FileImporter.cpp">
      <Filter>Source Files\FileImporter</Filter>
    </ClCompile>
    <ClCompile Include="Lava.cpp">
      <Filter>Source Files\Lava</Filter>
    </ClCompile>
    <ClCompile Include="AI.cpp">
      <Filter>Source Files\AI</Filter>
    </ClCompile>
    <ClCompile Include="AnimationHandler.cpp">
      <Filter>Source Files\AnimationHandler</Filter>
    </ClCompile>
  </ItemGroup>
  <ItemGroup>
    <ClInclude Include="BufferComponents.h">
      <Filter>Header Files\Pipeline Components</Filter>
    </ClInclude>
    <ClInclude Include="GraphicComponents.h">
      <Filter>Header Files\Pipeline Components</Filter>
    </ClInclude>
    <ClInclude Include="TextureComponents.h">
      <Filter>Header Files\Pipeline Components</Filter>
    </ClInclude>
    <ClInclude Include="Camera.h">
      <Filter>Header Files\Camera</Filter>
    </ClInclude>
    <ClInclude Include="WICTextureLoader.h">
      <Filter>Header Files\DirectXTex</Filter>
    </ClInclude>
    <ClInclude Include="MacroDefinitions.h">
      <Filter>Header Files\Global</Filter>
    </ClInclude>
    <ClInclude Include="VertexType.h">
      <Filter>Header Files\Global</Filter>
    </ClInclude>
    <ClInclude Include="Window.h">
      <Filter>Header Files\Window</Filter>
    </ClInclude>
    <ClInclude Include="DeferredBuffersClass.h">
      <Filter>Header Files\Deferred Renderer</Filter>
    </ClInclude>
    <ClInclude Include="DeferredShaderClass.h">
      <Filter>Header Files\Deferred Renderer</Filter>
    </ClInclude>
    <ClInclude Include="Timer.h">
      <Filter>Header Files\Global</Filter>
    </ClInclude>
    <ClInclude Include="SceneContainer.h">
      <Filter>Header Files\Global</Filter>
    </ClInclude>
    <ClInclude Include="CharacterBase.h">
      <Filter>Header Files\Character</Filter>
    </ClInclude>
    <ClInclude Include="MainCharacter.h">
      <Filter>Header Files\Character</Filter>
    </ClInclude>
    <ClInclude Include="LightShaderClass.h">
      <Filter>Header Files\Deferred Renderer</Filter>
    </ClInclude>
    <ClInclude Include="GameState.h">
      <Filter>Header Files\GameState</Filter>
    </ClInclude>
    <ClInclude Include="BulletComponents.h">
      <Filter>Header Files\BulletComponents</Filter>
    </ClInclude>
    <ClInclude Include="BasicMath.h">
      <Filter>Header Files\Global</Filter>
    </ClInclude>
    <ClInclude Include="Enemies.h">
      <Filter>Header Files\Character</Filter>
    </ClInclude>
    <ClInclude Include="BasicMath.h">
      <Filter>Header Files\Global</Filter>
    </ClInclude>
    <ClInclude Include="AI.h">
      <Filter>Header Files\AI</Filter>
    </ClInclude>
    <ClInclude Include="AnimationHandler.h">
      <Filter>Header Files\AnimationHandler</Filter>
    </ClInclude>
    <ClInclude Include="FileImporter.h">
      <Filter>Header Files\FileImporter</Filter>
    </ClInclude>
    <ClInclude Include="Lava.h">
      <Filter>Header Files\Lava</Filter>
    </ClInclude>
  </ItemGroup>
  <ItemGroup>
    <FxCompile Include="Shaders\StandardShaders\Fragment.hlsl">
      <Filter>Source Files\HLSL\StandardShaders</Filter>
    </FxCompile>
    <FxCompile Include="Shaders\StandardShaders\Geometry.hlsl">
      <Filter>Source Files\HLSL\StandardShaders</Filter>
    </FxCompile>
    <FxCompile Include="Shaders\StandardShaders\Vertex.hlsl">
      <Filter>Source Files\HLSL\StandardShaders</Filter>
    </FxCompile>
    <FxCompile Include="Shaders\DeferredShader_Default\DeferredFragment_Default.hlsl">
      <Filter>Source Files\HLSL\DeferredShader_Default</Filter>
    </FxCompile>
    <FxCompile Include="Shaders\DeferredShader_Default\DeferredVertex_Default.hlsl">
      <Filter>Source Files\HLSL\DeferredShader_Default</Filter>
    </FxCompile>
    <FxCompile Include="Shaders\DeferredShader_Default\DeferredGeometry_Default.hlsl">
      <Filter>Source Files\HLSL\DeferredShader_Default</Filter>
    </FxCompile>
    <FxCompile Include="Shaders\CubeShaders\CubeFragment.hlsl">
      <Filter>Source Files\HLSL\CubeShaders</Filter>
    </FxCompile>
    <FxCompile Include="Shaders\CubeShaders\CubeGeometry.hlsl">
      <Filter>Source Files\HLSL\CubeShaders</Filter>
    </FxCompile>
    <FxCompile Include="Shaders\CubeShaders\CubeVertex.hlsl">
      <Filter>Source Files\HLSL\CubeShaders</Filter>
    </FxCompile>
    <FxCompile Include="Shaders\LightShaders\LightPS.hlsl">
      <Filter>Source Files\HLSL\LightShaders</Filter>
    </FxCompile>
    <FxCompile Include="Shaders\LightShaders\LightVS.hlsl">
      <Filter>Source Files\HLSL\LightShaders</Filter>
    </FxCompile>
    <FxCompile Include="Shaders\MenuShaders\MenuVertex.hlsl">
      <Filter>Source Files\HLSL\MenuShaders</Filter>
    </FxCompile>
    <FxCompile Include="Shaders\MenuShaders\MenuFragment.hlsl">
      <Filter>Source Files\HLSL\MenuShaders</Filter>
    </FxCompile>
    <FxCompile Include="Shaders\EnemyShaders\EnemyGeometryShader.hlsl">
      <Filter>Source Files\HLSL\EnemyShaders</Filter>
    </FxCompile>
    <FxCompile Include="Shaders\EnemyShaders\EnemyPixelShader.hlsl">
      <Filter>Source Files\HLSL\EnemyShaders</Filter>
    </FxCompile>
    <FxCompile Include="Shaders\EnemyShaders\EnemyVertexShader.hlsl">
      <Filter>Source Files\HLSL\EnemyShaders</Filter>
    </FxCompile>
    <FxCompile Include="Shaders\LavaShaders\VertexShaderLava.hlsl">
      <Filter>Source Files\HLSL\LavaShaders</Filter>
    </FxCompile>
    <FxCompile Include="Shaders\LavaShaders\GeometryShaderLava.hlsl">
      <Filter>Source Files\HLSL\LavaShaders</Filter>
    </FxCompile>
    <FxCompile Include="Shaders\LavaShaders\FragmentShaderLava.hlsl">
      <Filter>Source Files\HLSL\LavaShaders</Filter>
    </FxCompile>
    <FxCompile Include="Shaders\ProjectileShaders\ProjectileFragment.hlsl">
      <Filter>Source Files\HLSL\ProjectileShaders</Filter>
    </FxCompile>
    <FxCompile Include="Shaders\ProjectileShaders\ProjectileVertex.hlsl">
      <Filter>Source Files\HLSL\ProjectileShaders</Filter>
    </FxCompile>
  </ItemGroup>
</Project>