Microsoft Visual Studio Solution File, Format Version 12.00
# Visual Studio 15
Project("{8BC9CEB8-8B4A-11D0-8D11-00A0C91BC942}") = "ALL_BUILD", "ALL_BUILD.vcxproj", "{0D7FBEED-4104-369A-8C07-80D6A0E0E0DE}"
	ProjectSection(ProjectDependencies) = postProject
		{BB5539A7-F786-3662-A354-135CE6E97CD1} = {BB5539A7-F786-3662-A354-135CE6E97CD1}
		{B710D145-8AFF-33E7-BADA-7DBD92E18722} = {B710D145-8AFF-33E7-BADA-7DBD92E18722}
		{1EB8A062-9EE8-3BEC-9AF2-02F07CB0BE52} = {1EB8A062-9EE8-3BEC-9AF2-02F07CB0BE52}
		{157DD2DE-ADBE-3B01-B15C-7FAF50C3B094} = {157DD2DE-ADBE-3B01-B15C-7FAF50C3B094}
		{7AE9CE9F-B936-3148-A2CE-0D3E9D6A9B05} = {7AE9CE9F-B936-3148-A2CE-0D3E9D6A9B05}
		{6AD11759-CCE0-3B2E-902F-4ED106E60356} = {6AD11759-CCE0-3B2E-902F-4ED106E60356}
		{029A7EC5-21F6-3221-A925-F77FB99E4268} = {029A7EC5-21F6-3221-A925-F77FB99E4268}
		{FD24890B-E4FA-3719-952E-20CE6934083A} = {FD24890B-E4FA-3719-952E-20CE6934083A}
		{0C84FF4B-2006-397C-8230-75717B69B7AB} = {0C84FF4B-2006-397C-8230-75717B69B7AB}
		{0287DB9B-D345-3B36-9BFD-BFE9876B9C56} = {0287DB9B-D345-3B36-9BFD-BFE9876B9C56}
		{ED8D1024-3DF2-3D3C-9B42-AB3D54B07BD2} = {ED8D1024-3DF2-3D3C-9B42-AB3D54B07BD2}
		{046E04F5-6226-3A61-BC9C-55EA96D5DBCB} = {046E04F5-6226-3A61-BC9C-55EA96D5DBCB}
		{56F636E6-C3FB-3B89-8DC3-9C223A874520} = {56F636E6-C3FB-3B89-8DC3-9C223A874520}
		{A40799B9-3CF2-373A-B45A-F0CC19570EAB} = {A40799B9-3CF2-373A-B45A-F0CC19570EAB}
		{A8A742BA-0814-3999-A4A2-A7035B06E14E} = {A8A742BA-0814-3999-A4A2-A7035B06E14E}
		{BB776EC2-4269-34A8-B975-EBBEB4B8BEBD} = {BB776EC2-4269-34A8-B975-EBBEB4B8BEBD}
		{30039084-5983-3E65-8D75-93A8B5923B53} = {30039084-5983-3E65-8D75-93A8B5923B53}
		{BD1B4CA7-3D4D-3EB7-B0CC-86A8EF2CB4B9} = {BD1B4CA7-3D4D-3EB7-B0CC-86A8EF2CB4B9}
		{02505C5C-933E-3145-850F-4993E4BEBC83} = {02505C5C-933E-3145-850F-4993E4BEBC83}
		{C24D6DE3-D872-369E-ACA6-D46A31C58CF7} = {C24D6DE3-D872-369E-ACA6-D46A31C58CF7}
		{F78D42F3-1387-3E76-B017-F80C762ABADC} = {F78D42F3-1387-3E76-B017-F80C762ABADC}
		{7FD2A30F-F141-341F-B034-1A26BAB173ED} = {7FD2A30F-F141-341F-B034-1A26BAB173ED}
		{7CF2574F-AB66-351C-88CA-BC0598AB65E3} = {7CF2574F-AB66-351C-88CA-BC0598AB65E3}
		{60277DAA-91E5-3F28-B999-8E5517CA0C60} = {60277DAA-91E5-3F28-B999-8E5517CA0C60}
		{8A8A30EC-B399-399C-921A-3155F7A30FB4} = {8A8A30EC-B399-399C-921A-3155F7A30FB4}
		{D0ACF3B0-7A58-3D35-8082-C043F6218A92} = {D0ACF3B0-7A58-3D35-8082-C043F6218A92}
		{7F4DD777-AA3E-3AEC-8321-A7499B0085F3} = {7F4DD777-AA3E-3AEC-8321-A7499B0085F3}
		{423A126C-2A7A-33F9-AE23-2AC0388CA18E} = {423A126C-2A7A-33F9-AE23-2AC0388CA18E}
		{19A15653-BED0-3962-9225-B14175101AF9} = {19A15653-BED0-3962-9225-B14175101AF9}
		{8FBE4EB9-076A-346F-AE1F-9A7FB63F788E} = {8FBE4EB9-076A-346F-AE1F-9A7FB63F788E}
		{42FB1A1C-7292-31DF-AFBA-49C44A44F5CD} = {42FB1A1C-7292-31DF-AFBA-49C44A44F5CD}
		{13393246-70ED-3CAA-86D1-CF2C646456A4} = {13393246-70ED-3CAA-86D1-CF2C646456A4}
		{BEF7FAF8-4938-3DEF-BF84-C8315A5B9B01} = {BEF7FAF8-4938-3DEF-BF84-C8315A5B9B01}
		{F08113E1-ABE7-3F9F-9D18-77C454D276C4} = {F08113E1-ABE7-3F9F-9D18-77C454D276C4}
		{77A1E8F2-83C4-37A2-AC22-21B0BB14822A} = {77A1E8F2-83C4-37A2-AC22-21B0BB14822A}
		{518C6E9C-1970-360F-991A-570D409D6AD3} = {518C6E9C-1970-360F-991A-570D409D6AD3}
		{E2EC4F9E-37D5-37E4-8301-1BD14C9BDCB2} = {E2EC4F9E-37D5-37E4-8301-1BD14C9BDCB2}
	EndProjectSection
EndProject
Project("{8BC9CEB8-8B4A-11D0-8D11-00A0C91BC942}") = "AppBasicExampleGui", "examples\BasicDemo\AppBasicExampleGui.vcxproj", "{BB5539A7-F786-3662-A354-135CE6E97CD1}"
	ProjectSection(ProjectDependencies) = postProject
		{0287DB9B-D345-3B36-9BFD-BFE9876B9C56} = {0287DB9B-D345-3B36-9BFD-BFE9876B9C56}
		{A40799B9-3CF2-373A-B45A-F0CC19570EAB} = {A40799B9-3CF2-373A-B45A-F0CC19570EAB}
		{A8A742BA-0814-3999-A4A2-A7035B06E14E} = {A8A742BA-0814-3999-A4A2-A7035B06E14E}
		{7F4DD777-AA3E-3AEC-8321-A7499B0085F3} = {7F4DD777-AA3E-3AEC-8321-A7499B0085F3}
		{423A126C-2A7A-33F9-AE23-2AC0388CA18E} = {423A126C-2A7A-33F9-AE23-2AC0388CA18E}
		{77A1E8F2-83C4-37A2-AC22-21B0BB14822A} = {77A1E8F2-83C4-37A2-AC22-21B0BB14822A}
	EndProjectSection
EndProject
Project("{8BC9CEB8-8B4A-11D0-8D11-00A0C91BC942}") = "App_BasicExample", "examples\BasicDemo\App_BasicExample.vcxproj", "{B710D145-8AFF-33E7-BADA-7DBD92E18722}"
	ProjectSection(ProjectDependencies) = postProject
		{A40799B9-3CF2-373A-B45A-F0CC19570EAB} = {A40799B9-3CF2-373A-B45A-F0CC19570EAB}
		{A8A742BA-0814-3999-A4A2-A7035B06E14E} = {A8A742BA-0814-3999-A4A2-A7035B06E14E}
		{7F4DD777-AA3E-3AEC-8321-A7499B0085F3} = {7F4DD777-AA3E-3AEC-8321-A7499B0085F3}
		{77A1E8F2-83C4-37A2-AC22-21B0BB14822A} = {77A1E8F2-83C4-37A2-AC22-21B0BB14822A}
	EndProjectSection
EndProject
Project("{8BC9CEB8-8B4A-11D0-8D11-00A0C91BC942}") = "App_ExampleBrowser", "examples\ExampleBrowser\App_ExampleBrowser.vcxproj", "{1EB8A062-9EE8-3BEC-9AF2-02F07CB0BE52}"
	ProjectSection(ProjectDependencies) = postProject
		{0287DB9B-D345-3B36-9BFD-BFE9876B9C56} = {0287DB9B-D345-3B36-9BFD-BFE9876B9C56}
		{A40799B9-3CF2-373A-B45A-F0CC19570EAB} = {A40799B9-3CF2-373A-B45A-F0CC19570EAB}
		{A8A742BA-0814-3999-A4A2-A7035B06E14E} = {A8A742BA-0814-3999-A4A2-A7035B06E14E}
		{BB776EC2-4269-34A8-B975-EBBEB4B8BEBD} = {BB776EC2-4269-34A8-B975-EBBEB4B8BEBD}
		{BD1B4CA7-3D4D-3EB7-B0CC-86A8EF2CB4B9} = {BD1B4CA7-3D4D-3EB7-B0CC-86A8EF2CB4B9}
		{02505C5C-933E-3145-850F-4993E4BEBC83} = {02505C5C-933E-3145-850F-4993E4BEBC83}
		{C24D6DE3-D872-369E-ACA6-D46A31C58CF7} = {C24D6DE3-D872-369E-ACA6-D46A31C58CF7}
		{7CF2574F-AB66-351C-88CA-BC0598AB65E3} = {7CF2574F-AB66-351C-88CA-BC0598AB65E3}
		{7F4DD777-AA3E-3AEC-8321-A7499B0085F3} = {7F4DD777-AA3E-3AEC-8321-A7499B0085F3}
		{423A126C-2A7A-33F9-AE23-2AC0388CA18E} = {423A126C-2A7A-33F9-AE23-2AC0388CA18E}
		{77A1E8F2-83C4-37A2-AC22-21B0BB14822A} = {77A1E8F2-83C4-37A2-AC22-21B0BB14822A}
		{E2EC4F9E-37D5-37E4-8301-1BD14C9BDCB2} = {E2EC4F9E-37D5-37E4-8301-1BD14C9BDCB2}
	EndProjectSection
EndProject
Project("{8BC9CEB8-8B4A-11D0-8D11-00A0C91BC942}") = "App_HelloWorld", "examples\HelloWorld\App_HelloWorld.vcxproj", "{157DD2DE-ADBE-3B01-B15C-7FAF50C3B094}"
	ProjectSection(ProjectDependencies) = postProject
		{A40799B9-3CF2-373A-B45A-F0CC19570EAB} = {A40799B9-3CF2-373A-B45A-F0CC19570EAB}
		{A8A742BA-0814-3999-A4A2-A7035B06E14E} = {A8A742BA-0814-3999-A4A2-A7035B06E14E}
		{7F4DD777-AA3E-3AEC-8321-A7499B0085F3} = {7F4DD777-AA3E-3AEC-8321-A7499B0085F3}
		{77A1E8F2-83C4-37A2-AC22-21B0BB14822A} = {77A1E8F2-83C4-37A2-AC22-21B0BB14822A}
	EndProjectSection
EndProject
Project("{8BC9CEB8-8B4A-11D0-8D11-00A0C91BC942}") = "App_SharedMemoryPhysics", "examples\SharedMemory\App_SharedMemoryPhysics.vcxproj", "{7AE9CE9F-B936-3148-A2CE-0D3E9D6A9B05}"
	ProjectSection(ProjectDependencies) = postProject
		{0287DB9B-D345-3B36-9BFD-BFE9876B9C56} = {0287DB9B-D345-3B36-9BFD-BFE9876B9C56}
		{A40799B9-3CF2-373A-B45A-F0CC19570EAB} = {A40799B9-3CF2-373A-B45A-F0CC19570EAB}
		{A8A742BA-0814-3999-A4A2-A7035B06E14E} = {A8A742BA-0814-3999-A4A2-A7035B06E14E}
		{30039084-5983-3E65-8D75-93A8B5923B53} = {30039084-5983-3E65-8D75-93A8B5923B53}
		{BD1B4CA7-3D4D-3EB7-B0CC-86A8EF2CB4B9} = {BD1B4CA7-3D4D-3EB7-B0CC-86A8EF2CB4B9}
		{02505C5C-933E-3145-850F-4993E4BEBC83} = {02505C5C-933E-3145-850F-4993E4BEBC83}
		{F78D42F3-1387-3E76-B017-F80C762ABADC} = {F78D42F3-1387-3E76-B017-F80C762ABADC}
		{7CF2574F-AB66-351C-88CA-BC0598AB65E3} = {7CF2574F-AB66-351C-88CA-BC0598AB65E3}
		{7F4DD777-AA3E-3AEC-8321-A7499B0085F3} = {7F4DD777-AA3E-3AEC-8321-A7499B0085F3}
		{77A1E8F2-83C4-37A2-AC22-21B0BB14822A} = {77A1E8F2-83C4-37A2-AC22-21B0BB14822A}
	EndProjectSection
EndProject
Project("{8BC9CEB8-8B4A-11D0-8D11-00A0C91BC942}") = "App_SharedMemoryPhysics_GUI", "examples\SharedMemory\App_SharedMemoryPhysics_GUI.vcxproj", "{6AD11759-CCE0-3B2E-902F-4ED106E60356}"
	ProjectSection(ProjectDependencies) = postProject
		{0287DB9B-D345-3B36-9BFD-BFE9876B9C56} = {0287DB9B-D345-3B36-9BFD-BFE9876B9C56}
		{A40799B9-3CF2-373A-B45A-F0CC19570EAB} = {A40799B9-3CF2-373A-B45A-F0CC19570EAB}
		{A8A742BA-0814-3999-A4A2-A7035B06E14E} = {A8A742BA-0814-3999-A4A2-A7035B06E14E}
		{30039084-5983-3E65-8D75-93A8B5923B53} = {30039084-5983-3E65-8D75-93A8B5923B53}
		{BD1B4CA7-3D4D-3EB7-B0CC-86A8EF2CB4B9} = {BD1B4CA7-3D4D-3EB7-B0CC-86A8EF2CB4B9}
		{02505C5C-933E-3145-850F-4993E4BEBC83} = {02505C5C-933E-3145-850F-4993E4BEBC83}
		{F78D42F3-1387-3E76-B017-F80C762ABADC} = {F78D42F3-1387-3E76-B017-F80C762ABADC}
		{7CF2574F-AB66-351C-88CA-BC0598AB65E3} = {7CF2574F-AB66-351C-88CA-BC0598AB65E3}
		{7F4DD777-AA3E-3AEC-8321-A7499B0085F3} = {7F4DD777-AA3E-3AEC-8321-A7499B0085F3}
		{423A126C-2A7A-33F9-AE23-2AC0388CA18E} = {423A126C-2A7A-33F9-AE23-2AC0388CA18E}
		{77A1E8F2-83C4-37A2-AC22-21B0BB14822A} = {77A1E8F2-83C4-37A2-AC22-21B0BB14822A}
	EndProjectSection
EndProject
Project("{8BC9CEB8-8B4A-11D0-8D11-00A0C91BC942}") = "App_SharedMemoryPhysics_VR", "examples\SharedMemory\App_SharedMemoryPhysics_VR.vcxproj", "{029A7EC5-21F6-3221-A925-F77FB99E4268}"
	ProjectSection(ProjectDependencies) = postProject
		{0287DB9B-D345-3B36-9BFD-BFE9876B9C56} = {0287DB9B-D345-3B36-9BFD-BFE9876B9C56}
		{A40799B9-3CF2-373A-B45A-F0CC19570EAB} = {A40799B9-3CF2-373A-B45A-F0CC19570EAB}
		{A8A742BA-0814-3999-A4A2-A7035B06E14E} = {A8A742BA-0814-3999-A4A2-A7035B06E14E}
		{30039084-5983-3E65-8D75-93A8B5923B53} = {30039084-5983-3E65-8D75-93A8B5923B53}
		{BD1B4CA7-3D4D-3EB7-B0CC-86A8EF2CB4B9} = {BD1B4CA7-3D4D-3EB7-B0CC-86A8EF2CB4B9}
		{02505C5C-933E-3145-850F-4993E4BEBC83} = {02505C5C-933E-3145-850F-4993E4BEBC83}
		{F78D42F3-1387-3E76-B017-F80C762ABADC} = {F78D42F3-1387-3E76-B017-F80C762ABADC}
		{7CF2574F-AB66-351C-88CA-BC0598AB65E3} = {7CF2574F-AB66-351C-88CA-BC0598AB65E3}
		{7F4DD777-AA3E-3AEC-8321-A7499B0085F3} = {7F4DD777-AA3E-3AEC-8321-A7499B0085F3}
		{423A126C-2A7A-33F9-AE23-2AC0388CA18E} = {423A126C-2A7A-33F9-AE23-2AC0388CA18E}
		{77A1E8F2-83C4-37A2-AC22-21B0BB14822A} = {77A1E8F2-83C4-37A2-AC22-21B0BB14822A}
	EndProjectSection
EndProject
Project("{8BC9CEB8-8B4A-11D0-8D11-00A0C91BC942}") = "Bullet2FileLoader", "src\Bullet3Serialize\Bullet2FileLoader\Bullet2FileLoader.vcxproj", "{FD24890B-E4FA-3719-952E-20CE6934083A}"
	ProjectSection(ProjectDependencies) = postProject
		{77A1E8F2-83C4-37A2-AC22-21B0BB14822A} = {77A1E8F2-83C4-37A2-AC22-21B0BB14822A}
	EndProjectSection
EndProject
Project("{8BC9CEB8-8B4A-11D0-8D11-00A0C91BC942}") = "Bullet3Collision", "src\Bullet3Collision\Bullet3Collision.vcxproj", "{0C84FF4B-2006-397C-8230-75717B69B7AB}"
	ProjectSection(ProjectDependencies) = postProject
		{77A1E8F2-83C4-37A2-AC22-21B0BB14822A} = {77A1E8F2-83C4-37A2-AC22-21B0BB14822A}
	EndProjectSection
EndProject
Project("{8BC9CEB8-8B4A-11D0-8D11-00A0C91BC942}") = "Bullet3Common", "src\Bullet3Common\Bullet3Common.vcxproj", "{0287DB9B-D345-3B36-9BFD-BFE9876B9C56}"
	ProjectSection(ProjectDependencies) = postProject
		{77A1E8F2-83C4-37A2-AC22-21B0BB14822A} = {77A1E8F2-83C4-37A2-AC22-21B0BB14822A}
	EndProjectSection
EndProject
Project("{8BC9CEB8-8B4A-11D0-8D11-00A0C91BC942}") = "Bullet3Dynamics", "src\Bullet3Dynamics\Bullet3Dynamics.vcxproj", "{ED8D1024-3DF2-3D3C-9B42-AB3D54B07BD2}"
	ProjectSection(ProjectDependencies) = postProject
		{77A1E8F2-83C4-37A2-AC22-21B0BB14822A} = {77A1E8F2-83C4-37A2-AC22-21B0BB14822A}
	EndProjectSection
EndProject
Project("{8BC9CEB8-8B4A-11D0-8D11-00A0C91BC942}") = "Bullet3Geometry", "src\Bullet3Geometry\Bullet3Geometry.vcxproj", "{046E04F5-6226-3A61-BC9C-55EA96D5DBCB}"
	ProjectSection(ProjectDependencies) = postProject
		{77A1E8F2-83C4-37A2-AC22-21B0BB14822A} = {77A1E8F2-83C4-37A2-AC22-21B0BB14822A}
	EndProjectSection
EndProject
Project("{8BC9CEB8-8B4A-11D0-8D11-00A0C91BC942}") = "Bullet3OpenCL_clew", "src\Bullet3OpenCL\Bullet3OpenCL_clew.vcxproj", "{56F636E6-C3FB-3B89-8DC3-9C223A874520}"
	ProjectSection(ProjectDependencies) = postProject
		{77A1E8F2-83C4-37A2-AC22-21B0BB14822A} = {77A1E8F2-83C4-37A2-AC22-21B0BB14822A}
	EndProjectSection
EndProject
Project("{8BC9CEB8-8B4A-11D0-8D11-00A0C91BC942}") = "BulletCollision", "src\BulletCollision\BulletCollision.vcxproj", "{A40799B9-3CF2-373A-B45A-F0CC19570EAB}"
	ProjectSection(ProjectDependencies) = postProject
		{77A1E8F2-83C4-37A2-AC22-21B0BB14822A} = {77A1E8F2-83C4-37A2-AC22-21B0BB14822A}
	EndProjectSection
EndProject
Project("{8BC9CEB8-8B4A-11D0-8D11-00A0C91BC942}") = "BulletDynamics", "src\BulletDynamics\BulletDynamics.vcxproj", "{A8A742BA-0814-3999-A4A2-A7035B06E14E}"
	ProjectSection(ProjectDependencies) = postProject
		{77A1E8F2-83C4-37A2-AC22-21B0BB14822A} = {77A1E8F2-83C4-37A2-AC22-21B0BB14822A}
	EndProjectSection
EndProject
Project("{8BC9CEB8-8B4A-11D0-8D11-00A0C91BC942}") = "BulletExampleBrowserLib", "examples\ExampleBrowser\BulletExampleBrowserLib.vcxproj", "{BB776EC2-4269-34A8-B975-EBBEB4B8BEBD}"
	ProjectSection(ProjectDependencies) = postProject
		{77A1E8F2-83C4-37A2-AC22-21B0BB14822A} = {77A1E8F2-83C4-37A2-AC22-21B0BB14822A}
	EndProjectSection
EndProject
Project("{8BC9CEB8-8B4A-11D0-8D11-00A0C91BC942}") = "BulletFileLoader", "Extras\Serialize\BulletFileLoader\BulletFileLoader.vcxproj", "{30039084-5983-3E65-8D75-93A8B5923B53}"
	ProjectSection(ProjectDependencies) = postProject
		{77A1E8F2-83C4-37A2-AC22-21B0BB14822A} = {77A1E8F2-83C4-37A2-AC22-21B0BB14822A}
	EndProjectSection
EndProject
Project("{8BC9CEB8-8B4A-11D0-8D11-00A0C91BC942}") = "BulletInverseDynamics", "src\BulletInverseDynamics\BulletInverseDynamics.vcxproj", "{BD1B4CA7-3D4D-3EB7-B0CC-86A8EF2CB4B9}"
	ProjectSection(ProjectDependencies) = postProject
		{77A1E8F2-83C4-37A2-AC22-21B0BB14822A} = {77A1E8F2-83C4-37A2-AC22-21B0BB14822A}
	EndProjectSection
EndProject
Project("{8BC9CEB8-8B4A-11D0-8D11-00A0C91BC942}") = "BulletInverseDynamicsUtils", "Extras\InverseDynamics\BulletInverseDynamicsUtils.vcxproj", "{02505C5C-933E-3145-850F-4993E4BEBC83}"
	ProjectSection(ProjectDependencies) = postProject
		{77A1E8F2-83C4-37A2-AC22-21B0BB14822A} = {77A1E8F2-83C4-37A2-AC22-21B0BB14822A}
	EndProjectSection
EndProject
Project("{8BC9CEB8-8B4A-11D0-8D11-00A0C91BC942}") = "BulletSoftBody", "src\BulletSoftBody\BulletSoftBody.vcxproj", "{C24D6DE3-D872-369E-ACA6-D46A31C58CF7}"
	ProjectSection(ProjectDependencies) = postProject
		{77A1E8F2-83C4-37A2-AC22-21B0BB14822A} = {77A1E8F2-83C4-37A2-AC22-21B0BB14822A}
	EndProjectSection
EndProject
Project("{8BC9CEB8-8B4A-11D0-8D11-00A0C91BC942}") = "BulletWorldImporter", "Extras\Serialize\BulletWorldImporter\BulletWorldImporter.vcxproj", "{F78D42F3-1387-3E76-B017-F80C762ABADC}"
	ProjectSection(ProjectDependencies) = postProject
		{77A1E8F2-83C4-37A2-AC22-21B0BB14822A} = {77A1E8F2-83C4-37A2-AC22-21B0BB14822A}
	EndProjectSection
EndProject
Project("{8BC9CEB8-8B4A-11D0-8D11-00A0C91BC942}") = "BulletXmlWorldImporter", "Extras\Serialize\BulletXmlWorldImporter\BulletXmlWorldImporter.vcxproj", "{7FD2A30F-F141-341F-B034-1A26BAB173ED}"
	ProjectSection(ProjectDependencies) = postProject
		{77A1E8F2-83C4-37A2-AC22-21B0BB14822A} = {77A1E8F2-83C4-37A2-AC22-21B0BB14822A}
	EndProjectSection
EndProject
Project("{8BC9CEB8-8B4A-11D0-8D11-00A0C91BC942}") = "BussIK", "examples\ThirdPartyLibs\BussIK\BussIK.vcxproj", "{7CF2574F-AB66-351C-88CA-BC0598AB65E3}"
	ProjectSection(ProjectDependencies) = postProject
		{77A1E8F2-83C4-37A2-AC22-21B0BB14822A} = {77A1E8F2-83C4-37A2-AC22-21B0BB14822A}
	EndProjectSection
EndProject
Project("{8BC9CEB8-8B4A-11D0-8D11-00A0C91BC942}") = "ConvexDecomposition", "Extras\ConvexDecomposition\ConvexDecomposition.vcxproj", "{60277DAA-91E5-3F28-B999-8E5517CA0C60}"
	ProjectSection(ProjectDependencies) = postProject
		{77A1E8F2-83C4-37A2-AC22-21B0BB14822A} = {77A1E8F2-83C4-37A2-AC22-21B0BB14822A}
	EndProjectSection
EndProject
Project("{8BC9CEB8-8B4A-11D0-8D11-00A0C91BC942}") = "GIMPACTUtils", "Extras\GIMPACTUtils\GIMPACTUtils.vcxproj", "{8A8A30EC-B399-399C-921A-3155F7A30FB4}"
	ProjectSection(ProjectDependencies) = postProject
		{77A1E8F2-83C4-37A2-AC22-21B0BB14822A} = {77A1E8F2-83C4-37A2-AC22-21B0BB14822A}
	EndProjectSection
EndProject
Project("{8BC9CEB8-8B4A-11D0-8D11-00A0C91BC942}") = "HACD", "Extras\HACD\HACD.vcxproj", "{D0ACF3B0-7A58-3D35-8082-C043F6218A92}"
	ProjectSection(ProjectDependencies) = postProject
		{77A1E8F2-83C4-37A2-AC22-21B0BB14822A} = {77A1E8F2-83C4-37A2-AC22-21B0BB14822A}
	EndProjectSection
EndProject
Project("{8BC9CEB8-8B4A-11D0-8D11-00A0C91BC942}") = "INSTALL", "INSTALL.vcxproj", "{394A1E52-07E4-3633-ACD2-A311BCEA5B42}"
	ProjectSection(ProjectDependencies) = postProject
		{0D7FBEED-4104-369A-8C07-80D6A0E0E0DE} = {0D7FBEED-4104-369A-8C07-80D6A0E0E0DE}
		{77A1E8F2-83C4-37A2-AC22-21B0BB14822A} = {77A1E8F2-83C4-37A2-AC22-21B0BB14822A}
	EndProjectSection
EndProject
Project("{8BC9CEB8-8B4A-11D0-8D11-00A0C91BC942}") = "LinearMath", "src\LinearMath\LinearMath.vcxproj", "{7F4DD777-AA3E-3AEC-8321-A7499B0085F3}"
	ProjectSection(ProjectDependencies) = postProject
		{77A1E8F2-83C4-37A2-AC22-21B0BB14822A} = {77A1E8F2-83C4-37A2-AC22-21B0BB14822A}
	EndProjectSection
EndProject
Project("{8BC9CEB8-8B4A-11D0-8D11-00A0C91BC942}") = "OpenGLWindow", "examples\OpenGLWindow\OpenGLWindow.vcxproj", "{423A126C-2A7A-33F9-AE23-2AC0388CA18E}"
	ProjectSection(ProjectDependencies) = postProject
		{77A1E8F2-83C4-37A2-AC22-21B0BB14822A} = {77A1E8F2-83C4-37A2-AC22-21B0BB14822A}
	EndProjectSection
EndProject
Project("{8BC9CEB8-8B4A-11D0-8D11-00A0C91BC942}") = "RUN_TESTS", "RUN_TESTS.vcxproj", "{17D28FAD-C7DC-36B9-9105-EA051FF2663B}"
	ProjectSection(ProjectDependencies) = postProject
		{77A1E8F2-83C4-37A2-AC22-21B0BB14822A} = {77A1E8F2-83C4-37A2-AC22-21B0BB14822A}
	EndProjectSection
EndProject
Project("{8BC9CEB8-8B4A-11D0-8D11-00A0C91BC942}") = "Test_BulletDynamics", "test\BulletDynamics\pendulum\Test_BulletDynamics.vcxproj", "{19A15653-BED0-3962-9225-B14175101AF9}"
	ProjectSection(ProjectDependencies) = postProject
		{A40799B9-3CF2-373A-B45A-F0CC19570EAB} = {A40799B9-3CF2-373A-B45A-F0CC19570EAB}
		{A8A742BA-0814-3999-A4A2-A7035B06E14E} = {A8A742BA-0814-3999-A4A2-A7035B06E14E}
		{7F4DD777-AA3E-3AEC-8321-A7499B0085F3} = {7F4DD777-AA3E-3AEC-8321-A7499B0085F3}
		{77A1E8F2-83C4-37A2-AC22-21B0BB14822A} = {77A1E8F2-83C4-37A2-AC22-21B0BB14822A}
		{518C6E9C-1970-360F-991A-570D409D6AD3} = {518C6E9C-1970-360F-991A-570D409D6AD3}
	EndProjectSection
EndProject
Project("{8BC9CEB8-8B4A-11D0-8D11-00A0C91BC942}") = "Test_BulletInverseDynamics", "test\InverseDynamics\Test_BulletInverseDynamics.vcxproj", "{8FBE4EB9-076A-346F-AE1F-9A7FB63F788E}"
	ProjectSection(ProjectDependencies) = postProject
		{0287DB9B-D345-3B36-9BFD-BFE9876B9C56} = {0287DB9B-D345-3B36-9BFD-BFE9876B9C56}
		{A40799B9-3CF2-373A-B45A-F0CC19570EAB} = {A40799B9-3CF2-373A-B45A-F0CC19570EAB}
		{A8A742BA-0814-3999-A4A2-A7035B06E14E} = {A8A742BA-0814-3999-A4A2-A7035B06E14E}
		{BD1B4CA7-3D4D-3EB7-B0CC-86A8EF2CB4B9} = {BD1B4CA7-3D4D-3EB7-B0CC-86A8EF2CB4B9}
		{02505C5C-933E-3145-850F-4993E4BEBC83} = {02505C5C-933E-3145-850F-4993E4BEBC83}
		{7F4DD777-AA3E-3AEC-8321-A7499B0085F3} = {7F4DD777-AA3E-3AEC-8321-A7499B0085F3}
		{77A1E8F2-83C4-37A2-AC22-21B0BB14822A} = {77A1E8F2-83C4-37A2-AC22-21B0BB14822A}
		{518C6E9C-1970-360F-991A-570D409D6AD3} = {518C6E9C-1970-360F-991A-570D409D6AD3}
	EndProjectSection
EndProject
Project("{8BC9CEB8-8B4A-11D0-8D11-00A0C91BC942}") = "Test_BulletInverseDynamicsJacobian", "test\InverseDynamics\Test_BulletInverseDynamicsJacobian.vcxproj", "{42FB1A1C-7292-31DF-AFBA-49C44A44F5CD}"
	ProjectSection(ProjectDependencies) = postProject
		{0287DB9B-D345-3B36-9BFD-BFE9876B9C56} = {0287DB9B-D345-3B36-9BFD-BFE9876B9C56}
		{BD1B4CA7-3D4D-3EB7-B0CC-86A8EF2CB4B9} = {BD1B4CA7-3D4D-3EB7-B0CC-86A8EF2CB4B9}
		{02505C5C-933E-3145-850F-4993E4BEBC83} = {02505C5C-933E-3145-850F-4993E4BEBC83}
		{7F4DD777-AA3E-3AEC-8321-A7499B0085F3} = {7F4DD777-AA3E-3AEC-8321-A7499B0085F3}
		{77A1E8F2-83C4-37A2-AC22-21B0BB14822A} = {77A1E8F2-83C4-37A2-AC22-21B0BB14822A}
		{518C6E9C-1970-360F-991A-570D409D6AD3} = {518C6E9C-1970-360F-991A-570D409D6AD3}
	EndProjectSection
EndProject
Project("{8BC9CEB8-8B4A-11D0-8D11-00A0C91BC942}") = "Test_BulletInverseForwardDynamics", "test\InverseDynamics\Test_BulletInverseForwardDynamics.vcxproj", "{13393246-70ED-3CAA-86D1-CF2C646456A4}"
	ProjectSection(ProjectDependencies) = postProject
		{0287DB9B-D345-3B36-9BFD-BFE9876B9C56} = {0287DB9B-D345-3B36-9BFD-BFE9876B9C56}
		{A40799B9-3CF2-373A-B45A-F0CC19570EAB} = {A40799B9-3CF2-373A-B45A-F0CC19570EAB}
		{A8A742BA-0814-3999-A4A2-A7035B06E14E} = {A8A742BA-0814-3999-A4A2-A7035B06E14E}
		{BD1B4CA7-3D4D-3EB7-B0CC-86A8EF2CB4B9} = {BD1B4CA7-3D4D-3EB7-B0CC-86A8EF2CB4B9}
		{02505C5C-933E-3145-850F-4993E4BEBC83} = {02505C5C-933E-3145-850F-4993E4BEBC83}
		{7F4DD777-AA3E-3AEC-8321-A7499B0085F3} = {7F4DD777-AA3E-3AEC-8321-A7499B0085F3}
		{77A1E8F2-83C4-37A2-AC22-21B0BB14822A} = {77A1E8F2-83C4-37A2-AC22-21B0BB14822A}
		{518C6E9C-1970-360F-991A-570D409D6AD3} = {518C6E9C-1970-360F-991A-570D409D6AD3}
	EndProjectSection
EndProject
Project("{8BC9CEB8-8B4A-11D0-8D11-00A0C91BC942}") = "Test_Collision", "test\collision\Test_Collision.vcxproj", "{BEF7FAF8-4938-3DEF-BF84-C8315A5B9B01}"
	ProjectSection(ProjectDependencies) = postProject
		{7F4DD777-AA3E-3AEC-8321-A7499B0085F3} = {7F4DD777-AA3E-3AEC-8321-A7499B0085F3}
		{77A1E8F2-83C4-37A2-AC22-21B0BB14822A} = {77A1E8F2-83C4-37A2-AC22-21B0BB14822A}
		{518C6E9C-1970-360F-991A-570D409D6AD3} = {518C6E9C-1970-360F-991A-570D409D6AD3}
	EndProjectSection
EndProject
Project("{8BC9CEB8-8B4A-11D0-8D11-00A0C91BC942}") = "Test_PhysicsClientServer", "test\SharedMemory\Test_PhysicsClientServer.vcxproj", "{F08113E1-ABE7-3F9F-9D18-77C454D276C4}"
	ProjectSection(ProjectDependencies) = postProject
		{0287DB9B-D345-3B36-9BFD-BFE9876B9C56} = {0287DB9B-D345-3B36-9BFD-BFE9876B9C56}
		{A40799B9-3CF2-373A-B45A-F0CC19570EAB} = {A40799B9-3CF2-373A-B45A-F0CC19570EAB}
		{A8A742BA-0814-3999-A4A2-A7035B06E14E} = {A8A742BA-0814-3999-A4A2-A7035B06E14E}
		{30039084-5983-3E65-8D75-93A8B5923B53} = {30039084-5983-3E65-8D75-93A8B5923B53}
		{BD1B4CA7-3D4D-3EB7-B0CC-86A8EF2CB4B9} = {BD1B4CA7-3D4D-3EB7-B0CC-86A8EF2CB4B9}
		{02505C5C-933E-3145-850F-4993E4BEBC83} = {02505C5C-933E-3145-850F-4993E4BEBC83}
		{F78D42F3-1387-3E76-B017-F80C762ABADC} = {F78D42F3-1387-3E76-B017-F80C762ABADC}
		{7CF2574F-AB66-351C-88CA-BC0598AB65E3} = {7CF2574F-AB66-351C-88CA-BC0598AB65E3}
		{7F4DD777-AA3E-3AEC-8321-A7499B0085F3} = {7F4DD777-AA3E-3AEC-8321-A7499B0085F3}
		{77A1E8F2-83C4-37A2-AC22-21B0BB14822A} = {77A1E8F2-83C4-37A2-AC22-21B0BB14822A}
		{518C6E9C-1970-360F-991A-570D409D6AD3} = {518C6E9C-1970-360F-991A-570D409D6AD3}
	EndProjectSection
EndProject
Project("{8BC9CEB8-8B4A-11D0-8D11-00A0C91BC942}") = "ZERO_CHECK", "ZERO_CHECK.vcxproj", "{77A1E8F2-83C4-37A2-AC22-21B0BB14822A}"
	ProjectSection(ProjectDependencies) = postProject
	EndProjectSection
EndProject
Project("{8BC9CEB8-8B4A-11D0-8D11-00A0C91BC942}") = "gtest", "test\gtest-1.7.0\gtest.vcxproj", "{518C6E9C-1970-360F-991A-570D409D6AD3}"
	ProjectSection(ProjectDependencies) = postProject
		{77A1E8F2-83C4-37A2-AC22-21B0BB14822A} = {77A1E8F2-83C4-37A2-AC22-21B0BB14822A}
	EndProjectSection
EndProject
Project("{8BC9CEB8-8B4A-11D0-8D11-00A0C91BC942}") = "gwen", "examples\ThirdPartyLibs\Gwen\gwen.vcxproj", "{E2EC4F9E-37D5-37E4-8301-1BD14C9BDCB2}"
	ProjectSection(ProjectDependencies) = postProject
		{77A1E8F2-83C4-37A2-AC22-21B0BB14822A} = {77A1E8F2-83C4-37A2-AC22-21B0BB14822A}
	EndProjectSection
EndProject
Global
	GlobalSection(SolutionConfigurationPlatforms) = preSolution
		Debug|x64 = Debug|x64
		Release|x64 = Release|x64
		MinSizeRel|x64 = MinSizeRel|x64
		RelWithDebInfo|x64 = RelWithDebInfo|x64
	EndGlobalSection
	GlobalSection(ProjectConfigurationPlatforms) = postSolution
		{0D7FBEED-4104-369A-8C07-80D6A0E0E0DE}.Debug|x64.ActiveCfg = Debug|x64
		{0D7FBEED-4104-369A-8C07-80D6A0E0E0DE}.Debug|x64.Build.0 = Debug|x64
		{0D7FBEED-4104-369A-8C07-80D6A0E0E0DE}.Release|x64.ActiveCfg = Release|x64
		{0D7FBEED-4104-369A-8C07-80D6A0E0E0DE}.Release|x64.Build.0 = Release|x64
		{0D7FBEED-4104-369A-8C07-80D6A0E0E0DE}.MinSizeRel|x64.ActiveCfg = MinSizeRel|x64
		{0D7FBEED-4104-369A-8C07-80D6A0E0E0DE}.MinSizeRel|x64.Build.0 = MinSizeRel|x64
		{0D7FBEED-4104-369A-8C07-80D6A0E0E0DE}.RelWithDebInfo|x64.ActiveCfg = RelWithDebInfo|x64
		{0D7FBEED-4104-369A-8C07-80D6A0E0E0DE}.RelWithDebInfo|x64.Build.0 = RelWithDebInfo|x64
		{BB5539A7-F786-3662-A354-135CE6E97CD1}.Debug|x64.ActiveCfg = Debug|x64
		{BB5539A7-F786-3662-A354-135CE6E97CD1}.Debug|x64.Build.0 = Debug|x64
		{BB5539A7-F786-3662-A354-135CE6E97CD1}.Release|x64.ActiveCfg = Release|x64
		{BB5539A7-F786-3662-A354-135CE6E97CD1}.Release|x64.Build.0 = Release|x64
		{BB5539A7-F786-3662-A354-135CE6E97CD1}.MinSizeRel|x64.ActiveCfg = MinSizeRel|x64
		{BB5539A7-F786-3662-A354-135CE6E97CD1}.MinSizeRel|x64.Build.0 = MinSizeRel|x64
		{BB5539A7-F786-3662-A354-135CE6E97CD1}.RelWithDebInfo|x64.ActiveCfg = RelWithDebInfo|x64
		{BB5539A7-F786-3662-A354-135CE6E97CD1}.RelWithDebInfo|x64.Build.0 = RelWithDebInfo|x64
		{B710D145-8AFF-33E7-BADA-7DBD92E18722}.Debug|x64.ActiveCfg = Debug|x64
		{B710D145-8AFF-33E7-BADA-7DBD92E18722}.Debug|x64.Build.0 = Debug|x64
		{B710D145-8AFF-33E7-BADA-7DBD92E18722}.Release|x64.ActiveCfg = Release|x64
		{B710D145-8AFF-33E7-BADA-7DBD92E18722}.Release|x64.Build.0 = Release|x64
		{B710D145-8AFF-33E7-BADA-7DBD92E18722}.MinSizeRel|x64.ActiveCfg = MinSizeRel|x64
		{B710D145-8AFF-33E7-BADA-7DBD92E18722}.MinSizeRel|x64.Build.0 = MinSizeRel|x64
		{B710D145-8AFF-33E7-BADA-7DBD92E18722}.RelWithDebInfo|x64.ActiveCfg = RelWithDebInfo|x64
		{B710D145-8AFF-33E7-BADA-7DBD92E18722}.RelWithDebInfo|x64.Build.0 = RelWithDebInfo|x64
		{1EB8A062-9EE8-3BEC-9AF2-02F07CB0BE52}.Debug|x64.ActiveCfg = Debug|x64
		{1EB8A062-9EE8-3BEC-9AF2-02F07CB0BE52}.Debug|x64.Build.0 = Debug|x64
		{1EB8A062-9EE8-3BEC-9AF2-02F07CB0BE52}.Release|x64.ActiveCfg = Release|x64
		{1EB8A062-9EE8-3BEC-9AF2-02F07CB0BE52}.Release|x64.Build.0 = Release|x64
		{1EB8A062-9EE8-3BEC-9AF2-02F07CB0BE52}.MinSizeRel|x64.ActiveCfg = MinSizeRel|x64
		{1EB8A062-9EE8-3BEC-9AF2-02F07CB0BE52}.MinSizeRel|x64.Build.0 = MinSizeRel|x64
		{1EB8A062-9EE8-3BEC-9AF2-02F07CB0BE52}.RelWithDebInfo|x64.ActiveCfg = RelWithDebInfo|x64
		{1EB8A062-9EE8-3BEC-9AF2-02F07CB0BE52}.RelWithDebInfo|x64.Build.0 = RelWithDebInfo|x64
		{157DD2DE-ADBE-3B01-B15C-7FAF50C3B094}.Debug|x64.ActiveCfg = Debug|x64
		{157DD2DE-ADBE-3B01-B15C-7FAF50C3B094}.Debug|x64.Build.0 = Debug|x64
		{157DD2DE-ADBE-3B01-B15C-7FAF50C3B094}.Release|x64.ActiveCfg = Release|x64
		{157DD2DE-ADBE-3B01-B15C-7FAF50C3B094}.Release|x64.Build.0 = Release|x64
		{157DD2DE-ADBE-3B01-B15C-7FAF50C3B094}.MinSizeRel|x64.ActiveCfg = MinSizeRel|x64
		{157DD2DE-ADBE-3B01-B15C-7FAF50C3B094}.MinSizeRel|x64.Build.0 = MinSizeRel|x64
		{157DD2DE-ADBE-3B01-B15C-7FAF50C3B094}.RelWithDebInfo|x64.ActiveCfg = RelWithDebInfo|x64
		{157DD2DE-ADBE-3B01-B15C-7FAF50C3B094}.RelWithDebInfo|x64.Build.0 = RelWithDebInfo|x64
		{7AE9CE9F-B936-3148-A2CE-0D3E9D6A9B05}.Debug|x64.ActiveCfg = Debug|x64
		{7AE9CE9F-B936-3148-A2CE-0D3E9D6A9B05}.Debug|x64.Build.0 = Debug|x64
		{7AE9CE9F-B936-3148-A2CE-0D3E9D6A9B05}.Release|x64.ActiveCfg = Release|x64
		{7AE9CE9F-B936-3148-A2CE-0D3E9D6A9B05}.Release|x64.Build.0 = Release|x64
		{7AE9CE9F-B936-3148-A2CE-0D3E9D6A9B05}.MinSizeRel|x64.ActiveCfg = MinSizeRel|x64
		{7AE9CE9F-B936-3148-A2CE-0D3E9D6A9B05}.MinSizeRel|x64.Build.0 = MinSizeRel|x64
		{7AE9CE9F-B936-3148-A2CE-0D3E9D6A9B05}.RelWithDebInfo|x64.ActiveCfg = RelWithDebInfo|x64
		{7AE9CE9F-B936-3148-A2CE-0D3E9D6A9B05}.RelWithDebInfo|x64.Build.0 = RelWithDebInfo|x64
		{6AD11759-CCE0-3B2E-902F-4ED106E60356}.Debug|x64.ActiveCfg = Debug|x64
		{6AD11759-CCE0-3B2E-902F-4ED106E60356}.Debug|x64.Build.0 = Debug|x64
		{6AD11759-CCE0-3B2E-902F-4ED106E60356}.Release|x64.ActiveCfg = Release|x64
		{6AD11759-CCE0-3B2E-902F-4ED106E60356}.Release|x64.Build.0 = Release|x64
		{6AD11759-CCE0-3B2E-902F-4ED106E60356}.MinSizeRel|x64.ActiveCfg = MinSizeRel|x64
		{6AD11759-CCE0-3B2E-902F-4ED106E60356}.MinSizeRel|x64.Build.0 = MinSizeRel|x64
		{6AD11759-CCE0-3B2E-902F-4ED106E60356}.RelWithDebInfo|x64.ActiveCfg = RelWithDebInfo|x64
		{6AD11759-CCE0-3B2E-902F-4ED106E60356}.RelWithDebInfo|x64.Build.0 = RelWithDebInfo|x64
		{029A7EC5-21F6-3221-A925-F77FB99E4268}.Debug|x64.ActiveCfg = Debug|x64
		{029A7EC5-21F6-3221-A925-F77FB99E4268}.Debug|x64.Build.0 = Debug|x64
		{029A7EC5-21F6-3221-A925-F77FB99E4268}.Release|x64.ActiveCfg = Release|x64
		{029A7EC5-21F6-3221-A925-F77FB99E4268}.Release|x64.Build.0 = Release|x64
		{029A7EC5-21F6-3221-A925-F77FB99E4268}.MinSizeRel|x64.ActiveCfg = MinSizeRel|x64
		{029A7EC5-21F6-3221-A925-F77FB99E4268}.MinSizeRel|x64.Build.0 = MinSizeRel|x64
		{029A7EC5-21F6-3221-A925-F77FB99E4268}.RelWithDebInfo|x64.ActiveCfg = RelWithDebInfo|x64
		{029A7EC5-21F6-3221-A925-F77FB99E4268}.RelWithDebInfo|x64.Build.0 = RelWithDebInfo|x64
		{FD24890B-E4FA-3719-952E-20CE6934083A}.Debug|x64.ActiveCfg = Debug|x64
		{FD24890B-E4FA-3719-952E-20CE6934083A}.Debug|x64.Build.0 = Debug|x64
		{FD24890B-E4FA-3719-952E-20CE6934083A}.Release|x64.ActiveCfg = Release|x64
		{FD24890B-E4FA-3719-952E-20CE6934083A}.Release|x64.Build.0 = Release|x64
		{FD24890B-E4FA-3719-952E-20CE6934083A}.MinSizeRel|x64.ActiveCfg = MinSizeRel|x64
		{FD24890B-E4FA-3719-952E-20CE6934083A}.MinSizeRel|x64.Build.0 = MinSizeRel|x64
		{FD24890B-E4FA-3719-952E-20CE6934083A}.RelWithDebInfo|x64.ActiveCfg = RelWithDebInfo|x64
		{FD24890B-E4FA-3719-952E-20CE6934083A}.RelWithDebInfo|x64.Build.0 = RelWithDebInfo|x64
		{0C84FF4B-2006-397C-8230-75717B69B7AB}.Debug|x64.ActiveCfg = Debug|x64
		{0C84FF4B-2006-397C-8230-75717B69B7AB}.Debug|x64.Build.0 = Debug|x64
		{0C84FF4B-2006-397C-8230-75717B69B7AB}.Release|x64.ActiveCfg = Release|x64
		{0C84FF4B-2006-397C-8230-75717B69B7AB}.Release|x64.Build.0 = Release|x64
		{0C84FF4B-2006-397C-8230-75717B69B7AB}.MinSizeRel|x64.ActiveCfg = MinSizeRel|x64
		{0C84FF4B-2006-397C-8230-75717B69B7AB}.MinSizeRel|x64.Build.0 = MinSizeRel|x64
		{0C84FF4B-2006-397C-8230-75717B69B7AB}.RelWithDebInfo|x64.ActiveCfg = RelWithDebInfo|x64
		{0C84FF4B-2006-397C-8230-75717B69B7AB}.RelWithDebInfo|x64.Build.0 = RelWithDebInfo|x64
		{0287DB9B-D345-3B36-9BFD-BFE9876B9C56}.Debug|x64.ActiveCfg = Debug|x64
		{0287DB9B-D345-3B36-9BFD-BFE9876B9C56}.Debug|x64.Build.0 = Debug|x64
		{0287DB9B-D345-3B36-9BFD-BFE9876B9C56}.Release|x64.ActiveCfg = Release|x64
		{0287DB9B-D345-3B36-9BFD-BFE9876B9C56}.Release|x64.Build.0 = Release|x64
		{0287DB9B-D345-3B36-9BFD-BFE9876B9C56}.MinSizeRel|x64.ActiveCfg = MinSizeRel|x64
		{0287DB9B-D345-3B36-9BFD-BFE9876B9C56}.MinSizeRel|x64.Build.0 = MinSizeRel|x64
		{0287DB9B-D345-3B36-9BFD-BFE9876B9C56}.RelWithDebInfo|x64.ActiveCfg = RelWithDebInfo|x64
		{0287DB9B-D345-3B36-9BFD-BFE9876B9C56}.RelWithDebInfo|x64.Build.0 = RelWithDebInfo|x64
		{ED8D1024-3DF2-3D3C-9B42-AB3D54B07BD2}.Debug|x64.ActiveCfg = Debug|x64
		{ED8D1024-3DF2-3D3C-9B42-AB3D54B07BD2}.Debug|x64.Build.0 = Debug|x64
		{ED8D1024-3DF2-3D3C-9B42-AB3D54B07BD2}.Release|x64.ActiveCfg = Release|x64
		{ED8D1024-3DF2-3D3C-9B42-AB3D54B07BD2}.Release|x64.Build.0 = Release|x64
		{ED8D1024-3DF2-3D3C-9B42-AB3D54B07BD2}.MinSizeRel|x64.ActiveCfg = MinSizeRel|x64
		{ED8D1024-3DF2-3D3C-9B42-AB3D54B07BD2}.MinSizeRel|x64.Build.0 = MinSizeRel|x64
		{ED8D1024-3DF2-3D3C-9B42-AB3D54B07BD2}.RelWithDebInfo|x64.ActiveCfg = RelWithDebInfo|x64
		{ED8D1024-3DF2-3D3C-9B42-AB3D54B07BD2}.RelWithDebInfo|x64.Build.0 = RelWithDebInfo|x64
		{046E04F5-6226-3A61-BC9C-55EA96D5DBCB}.Debug|x64.ActiveCfg = Debug|x64
		{046E04F5-6226-3A61-BC9C-55EA96D5DBCB}.Debug|x64.Build.0 = Debug|x64
		{046E04F5-6226-3A61-BC9C-55EA96D5DBCB}.Release|x64.ActiveCfg = Release|x64
		{046E04F5-6226-3A61-BC9C-55EA96D5DBCB}.Release|x64.Build.0 = Release|x64
		{046E04F5-6226-3A61-BC9C-55EA96D5DBCB}.MinSizeRel|x64.ActiveCfg = MinSizeRel|x64
		{046E04F5-6226-3A61-BC9C-55EA96D5DBCB}.MinSizeRel|x64.Build.0 = MinSizeRel|x64
		{046E04F5-6226-3A61-BC9C-55EA96D5DBCB}.RelWithDebInfo|x64.ActiveCfg = RelWithDebInfo|x64
		{046E04F5-6226-3A61-BC9C-55EA96D5DBCB}.RelWithDebInfo|x64.Build.0 = RelWithDebInfo|x64
		{56F636E6-C3FB-3B89-8DC3-9C223A874520}.Debug|x64.ActiveCfg = Debug|x64
		{56F636E6-C3FB-3B89-8DC3-9C223A874520}.Debug|x64.Build.0 = Debug|x64
		{56F636E6-C3FB-3B89-8DC3-9C223A874520}.Release|x64.ActiveCfg = Release|x64
		{56F636E6-C3FB-3B89-8DC3-9C223A874520}.Release|x64.Build.0 = Release|x64
		{56F636E6-C3FB-3B89-8DC3-9C223A874520}.MinSizeRel|x64.ActiveCfg = MinSizeRel|x64
		{56F636E6-C3FB-3B89-8DC3-9C223A874520}.MinSizeRel|x64.Build.0 = MinSizeRel|x64
		{56F636E6-C3FB-3B89-8DC3-9C223A874520}.RelWithDebInfo|x64.ActiveCfg = RelWithDebInfo|x64
		{56F636E6-C3FB-3B89-8DC3-9C223A874520}.RelWithDebInfo|x64.Build.0 = RelWithDebInfo|x64
		{A40799B9-3CF2-373A-B45A-F0CC19570EAB}.Debug|x64.ActiveCfg = Debug|x64
		{A40799B9-3CF2-373A-B45A-F0CC19570EAB}.Debug|x64.Build.0 = Debug|x64
		{A40799B9-3CF2-373A-B45A-F0CC19570EAB}.Release|x64.ActiveCfg = Release|x64
		{A40799B9-3CF2-373A-B45A-F0CC19570EAB}.Release|x64.Build.0 = Release|x64
		{A40799B9-3CF2-373A-B45A-F0CC19570EAB}.MinSizeRel|x64.ActiveCfg = MinSizeRel|x64
		{A40799B9-3CF2-373A-B45A-F0CC19570EAB}.MinSizeRel|x64.Build.0 = MinSizeRel|x64
		{A40799B9-3CF2-373A-B45A-F0CC19570EAB}.RelWithDebInfo|x64.ActiveCfg = RelWithDebInfo|x64
		{A40799B9-3CF2-373A-B45A-F0CC19570EAB}.RelWithDebInfo|x64.Build.0 = RelWithDebInfo|x64
		{A8A742BA-0814-3999-A4A2-A7035B06E14E}.Debug|x64.ActiveCfg = Debug|x64
		{A8A742BA-0814-3999-A4A2-A7035B06E14E}.Debug|x64.Build.0 = Debug|x64
		{A8A742BA-0814-3999-A4A2-A7035B06E14E}.Release|x64.ActiveCfg = Release|x64
		{A8A742BA-0814-3999-A4A2-A7035B06E14E}.Release|x64.Build.0 = Release|x64
		{A8A742BA-0814-3999-A4A2-A7035B06E14E}.MinSizeRel|x64.ActiveCfg = MinSizeRel|x64
		{A8A742BA-0814-3999-A4A2-A7035B06E14E}.MinSizeRel|x64.Build.0 = MinSizeRel|x64
		{A8A742BA-0814-3999-A4A2-A7035B06E14E}.RelWithDebInfo|x64.ActiveCfg = RelWithDebInfo|x64
		{A8A742BA-0814-3999-A4A2-A7035B06E14E}.RelWithDebInfo|x64.Build.0 = RelWithDebInfo|x64
		{BB776EC2-4269-34A8-B975-EBBEB4B8BEBD}.Debug|x64.ActiveCfg = Debug|x64
		{BB776EC2-4269-34A8-B975-EBBEB4B8BEBD}.Debug|x64.Build.0 = Debug|x64
		{BB776EC2-4269-34A8-B975-EBBEB4B8BEBD}.Release|x64.ActiveCfg = Release|x64
		{BB776EC2-4269-34A8-B975-EBBEB4B8BEBD}.Release|x64.Build.0 = Release|x64
		{BB776EC2-4269-34A8-B975-EBBEB4B8BEBD}.MinSizeRel|x64.ActiveCfg = MinSizeRel|x64
		{BB776EC2-4269-34A8-B975-EBBEB4B8BEBD}.MinSizeRel|x64.Build.0 = MinSizeRel|x64
		{BB776EC2-4269-34A8-B975-EBBEB4B8BEBD}.RelWithDebInfo|x64.ActiveCfg = RelWithDebInfo|x64
		{BB776EC2-4269-34A8-B975-EBBEB4B8BEBD}.RelWithDebInfo|x64.Build.0 = RelWithDebInfo|x64
		{30039084-5983-3E65-8D75-93A8B5923B53}.Debug|x64.ActiveCfg = Debug|x64
		{30039084-5983-3E65-8D75-93A8B5923B53}.Debug|x64.Build.0 = Debug|x64
		{30039084-5983-3E65-8D75-93A8B5923B53}.Release|x64.ActiveCfg = Release|x64
		{30039084-5983-3E65-8D75-93A8B5923B53}.Release|x64.Build.0 = Release|x64
		{30039084-5983-3E65-8D75-93A8B5923B53}.MinSizeRel|x64.ActiveCfg = MinSizeRel|x64
		{30039084-5983-3E65-8D75-93A8B5923B53}.MinSizeRel|x64.Build.0 = MinSizeRel|x64
		{30039084-5983-3E65-8D75-93A8B5923B53}.RelWithDebInfo|x64.ActiveCfg = RelWithDebInfo|x64
		{30039084-5983-3E65-8D75-93A8B5923B53}.RelWithDebInfo|x64.Build.0 = RelWithDebInfo|x64
		{BD1B4CA7-3D4D-3EB7-B0CC-86A8EF2CB4B9}.Debug|x64.ActiveCfg = Debug|x64
		{BD1B4CA7-3D4D-3EB7-B0CC-86A8EF2CB4B9}.Debug|x64.Build.0 = Debug|x64
		{BD1B4CA7-3D4D-3EB7-B0CC-86A8EF2CB4B9}.Release|x64.ActiveCfg = Release|x64
		{BD1B4CA7-3D4D-3EB7-B0CC-86A8EF2CB4B9}.Release|x64.Build.0 = Release|x64
		{BD1B4CA7-3D4D-3EB7-B0CC-86A8EF2CB4B9}.MinSizeRel|x64.ActiveCfg = MinSizeRel|x64
		{BD1B4CA7-3D4D-3EB7-B0CC-86A8EF2CB4B9}.MinSizeRel|x64.Build.0 = MinSizeRel|x64
		{BD1B4CA7-3D4D-3EB7-B0CC-86A8EF2CB4B9}.RelWithDebInfo|x64.ActiveCfg = RelWithDebInfo|x64
		{BD1B4CA7-3D4D-3EB7-B0CC-86A8EF2CB4B9}.RelWithDebInfo|x64.Build.0 = RelWithDebInfo|x64
		{02505C5C-933E-3145-850F-4993E4BEBC83}.Debug|x64.ActiveCfg = Debug|x64
		{02505C5C-933E-3145-850F-4993E4BEBC83}.Debug|x64.Build.0 = Debug|x64
		{02505C5C-933E-3145-850F-4993E4BEBC83}.Release|x64.ActiveCfg = Release|x64
		{02505C5C-933E-3145-850F-4993E4BEBC83}.Release|x64.Build.0 = Release|x64
		{02505C5C-933E-3145-850F-4993E4BEBC83}.MinSizeRel|x64.ActiveCfg = MinSizeRel|x64
		{02505C5C-933E-3145-850F-4993E4BEBC83}.MinSizeRel|x64.Build.0 = MinSizeRel|x64
		{02505C5C-933E-3145-850F-4993E4BEBC83}.RelWithDebInfo|x64.ActiveCfg = RelWithDebInfo|x64
		{02505C5C-933E-3145-850F-4993E4BEBC83}.RelWithDebInfo|x64.Build.0 = RelWithDebInfo|x64
		{C24D6DE3-D872-369E-ACA6-D46A31C58CF7}.Debug|x64.ActiveCfg = Debug|x64
		{C24D6DE3-D872-369E-ACA6-D46A31C58CF7}.Debug|x64.Build.0 = Debug|x64
		{C24D6DE3-D872-369E-ACA6-D46A31C58CF7}.Release|x64.ActiveCfg = Release|x64
		{C24D6DE3-D872-369E-ACA6-D46A31C58CF7}.Release|x64.Build.0 = Release|x64
		{C24D6DE3-D872-369E-ACA6-D46A31C58CF7}.MinSizeRel|x64.ActiveCfg = MinSizeRel|x64
		{C24D6DE3-D872-369E-ACA6-D46A31C58CF7}.MinSizeRel|x64.Build.0 = MinSizeRel|x64
		{C24D6DE3-D872-369E-ACA6-D46A31C58CF7}.RelWithDebInfo|x64.ActiveCfg = RelWithDebInfo|x64
		{C24D6DE3-D872-369E-ACA6-D46A31C58CF7}.RelWithDebInfo|x64.Build.0 = RelWithDebInfo|x64
		{F78D42F3-1387-3E76-B017-F80C762ABADC}.Debug|x64.ActiveCfg = Debug|x64
		{F78D42F3-1387-3E76-B017-F80C762ABADC}.Debug|x64.Build.0 = Debug|x64
		{F78D42F3-1387-3E76-B017-F80C762ABADC}.Release|x64.ActiveCfg = Release|x64
		{F78D42F3-1387-3E76-B017-F80C762ABADC}.Release|x64.Build.0 = Release|x64
		{F78D42F3-1387-3E76-B017-F80C762ABADC}.MinSizeRel|x64.ActiveCfg = MinSizeRel|x64
		{F78D42F3-1387-3E76-B017-F80C762ABADC}.MinSizeRel|x64.Build.0 = MinSizeRel|x64
		{F78D42F3-1387-3E76-B017-F80C762ABADC}.RelWithDebInfo|x64.ActiveCfg = RelWithDebInfo|x64
		{F78D42F3-1387-3E76-B017-F80C762ABADC}.RelWithDebInfo|x64.Build.0 = RelWithDebInfo|x64
		{7FD2A30F-F141-341F-B034-1A26BAB173ED}.Debug|x64.ActiveCfg = Debug|x64
		{7FD2A30F-F141-341F-B034-1A26BAB173ED}.Debug|x64.Build.0 = Debug|x64
		{7FD2A30F-F141-341F-B034-1A26BAB173ED}.Release|x64.ActiveCfg = Release|x64
		{7FD2A30F-F141-341F-B034-1A26BAB173ED}.Release|x64.Build.0 = Release|x64
		{7FD2A30F-F141-341F-B034-1A26BAB173ED}.MinSizeRel|x64.ActiveCfg = MinSizeRel|x64
		{7FD2A30F-F141-341F-B034-1A26BAB173ED}.MinSizeRel|x64.Build.0 = MinSizeRel|x64
		{7FD2A30F-F141-341F-B034-1A26BAB173ED}.RelWithDebInfo|x64.ActiveCfg = RelWithDebInfo|x64
		{7FD2A30F-F141-341F-B034-1A26BAB173ED}.RelWithDebInfo|x64.Build.0 = RelWithDebInfo|x64
		{7CF2574F-AB66-351C-88CA-BC0598AB65E3}.Debug|x64.ActiveCfg = Debug|x64
		{7CF2574F-AB66-351C-88CA-BC0598AB65E3}.Debug|x64.Build.0 = Debug|x64
		{7CF2574F-AB66-351C-88CA-BC0598AB65E3}.Release|x64.ActiveCfg = Release|x64
		{7CF2574F-AB66-351C-88CA-BC0598AB65E3}.Release|x64.Build.0 = Release|x64
		{7CF2574F-AB66-351C-88CA-BC0598AB65E3}.MinSizeRel|x64.ActiveCfg = MinSizeRel|x64
		{7CF2574F-AB66-351C-88CA-BC0598AB65E3}.MinSizeRel|x64.Build.0 = MinSizeRel|x64
		{7CF2574F-AB66-351C-88CA-BC0598AB65E3}.RelWithDebInfo|x64.ActiveCfg = RelWithDebInfo|x64
		{7CF2574F-AB66-351C-88CA-BC0598AB65E3}.RelWithDebInfo|x64.Build.0 = RelWithDebInfo|x64
		{60277DAA-91E5-3F28-B999-8E5517CA0C60}.Debug|x64.ActiveCfg = Debug|x64
		{60277DAA-91E5-3F28-B999-8E5517CA0C60}.Debug|x64.Build.0 = Debug|x64
		{60277DAA-91E5-3F28-B999-8E5517CA0C60}.Release|x64.ActiveCfg = Release|x64
		{60277DAA-91E5-3F28-B999-8E5517CA0C60}.Release|x64.Build.0 = Release|x64
		{60277DAA-91E5-3F28-B999-8E5517CA0C60}.MinSizeRel|x64.ActiveCfg = MinSizeRel|x64
		{60277DAA-91E5-3F28-B999-8E5517CA0C60}.MinSizeRel|x64.Build.0 = MinSizeRel|x64
		{60277DAA-91E5-3F28-B999-8E5517CA0C60}.RelWithDebInfo|x64.ActiveCfg = RelWithDebInfo|x64
		{60277DAA-91E5-3F28-B999-8E5517CA0C60}.RelWithDebInfo|x64.Build.0 = RelWithDebInfo|x64
		{8A8A30EC-B399-399C-921A-3155F7A30FB4}.Debug|x64.ActiveCfg = Debug|x64
		{8A8A30EC-B399-399C-921A-3155F7A30FB4}.Debug|x64.Build.0 = Debug|x64
		{8A8A30EC-B399-399C-921A-3155F7A30FB4}.Release|x64.ActiveCfg = Release|x64
		{8A8A30EC-B399-399C-921A-3155F7A30FB4}.Release|x64.Build.0 = Release|x64
		{8A8A30EC-B399-399C-921A-3155F7A30FB4}.MinSizeRel|x64.ActiveCfg = MinSizeRel|x64
		{8A8A30EC-B399-399C-921A-3155F7A30FB4}.MinSizeRel|x64.Build.0 = MinSizeRel|x64
		{8A8A30EC-B399-399C-921A-3155F7A30FB4}.RelWithDebInfo|x64.ActiveCfg = RelWithDebInfo|x64
		{8A8A30EC-B399-399C-921A-3155F7A30FB4}.RelWithDebInfo|x64.Build.0 = RelWithDebInfo|x64
		{D0ACF3B0-7A58-3D35-8082-C043F6218A92}.Debug|x64.ActiveCfg = Debug|x64
		{D0ACF3B0-7A58-3D35-8082-C043F6218A92}.Debug|x64.Build.0 = Debug|x64
		{D0ACF3B0-7A58-3D35-8082-C043F6218A92}.Release|x64.ActiveCfg = Release|x64
		{D0ACF3B0-7A58-3D35-8082-C043F6218A92}.Release|x64.Build.0 = Release|x64
		{D0ACF3B0-7A58-3D35-8082-C043F6218A92}.MinSizeRel|x64.ActiveCfg = MinSizeRel|x64
		{D0ACF3B0-7A58-3D35-8082-C043F6218A92}.MinSizeRel|x64.Build.0 = MinSizeRel|x64
		{D0ACF3B0-7A58-3D35-8082-C043F6218A92}.RelWithDebInfo|x64.ActiveCfg = RelWithDebInfo|x64
		{D0ACF3B0-7A58-3D35-8082-C043F6218A92}.RelWithDebInfo|x64.Build.0 = RelWithDebInfo|x64
		{394A1E52-07E4-3633-ACD2-A311BCEA5B42}.Debug|x64.ActiveCfg = Debug|x64
		{394A1E52-07E4-3633-ACD2-A311BCEA5B42}.Release|x64.ActiveCfg = Release|x64
		{394A1E52-07E4-3633-ACD2-A311BCEA5B42}.MinSizeRel|x64.ActiveCfg = MinSizeRel|x64
		{394A1E52-07E4-3633-ACD2-A311BCEA5B42}.RelWithDebInfo|x64.ActiveCfg = RelWithDebInfo|x64
		{7F4DD777-AA3E-3AEC-8321-A7499B0085F3}.Debug|x64.ActiveCfg = Debug|x64
		{7F4DD777-AA3E-3AEC-8321-A7499B0085F3}.Debug|x64.Build.0 = Debug|x64
		{7F4DD777-AA3E-3AEC-8321-A7499B0085F3}.Release|x64.ActiveCfg = Release|x64
		{7F4DD777-AA3E-3AEC-8321-A7499B0085F3}.Release|x64.Build.0 = Release|x64
		{7F4DD777-AA3E-3AEC-8321-A7499B0085F3}.MinSizeRel|x64.ActiveCfg = MinSizeRel|x64
		{7F4DD777-AA3E-3AEC-8321-A7499B0085F3}.MinSizeRel|x64.Build.0 = MinSizeRel|x64
		{7F4DD777-AA3E-3AEC-8321-A7499B0085F3}.RelWithDebInfo|x64.ActiveCfg = RelWithDebInfo|x64
		{7F4DD777-AA3E-3AEC-8321-A7499B0085F3}.RelWithDebInfo|x64.Build.0 = RelWithDebInfo|x64
		{423A126C-2A7A-33F9-AE23-2AC0388CA18E}.Debug|x64.ActiveCfg = Debug|x64
		{423A126C-2A7A-33F9-AE23-2AC0388CA18E}.Debug|x64.Build.0 = Debug|x64
		{423A126C-2A7A-33F9-AE23-2AC0388CA18E}.Release|x64.ActiveCfg = Release|x64
		{423A126C-2A7A-33F9-AE23-2AC0388CA18E}.Release|x64.Build.0 = Release|x64
		{423A126C-2A7A-33F9-AE23-2AC0388CA18E}.MinSizeRel|x64.ActiveCfg = MinSizeRel|x64
		{423A126C-2A7A-33F9-AE23-2AC0388CA18E}.MinSizeRel|x64.Build.0 = MinSizeRel|x64
		{423A126C-2A7A-33F9-AE23-2AC0388CA18E}.RelWithDebInfo|x64.ActiveCfg = RelWithDebInfo|x64
		{423A126C-2A7A-33F9-AE23-2AC0388CA18E}.RelWithDebInfo|x64.Build.0 = RelWithDebInfo|x64
		{17D28FAD-C7DC-36B9-9105-EA051FF2663B}.Debug|x64.ActiveCfg = Debug|x64
		{17D28FAD-C7DC-36B9-9105-EA051FF2663B}.Release|x64.ActiveCfg = Release|x64
		{17D28FAD-C7DC-36B9-9105-EA051FF2663B}.MinSizeRel|x64.ActiveCfg = MinSizeRel|x64
		{17D28FAD-C7DC-36B9-9105-EA051FF2663B}.RelWithDebInfo|x64.ActiveCfg = RelWithDebInfo|x64
		{19A15653-BED0-3962-9225-B14175101AF9}.Debug|x64.ActiveCfg = Debug|x64
		{19A15653-BED0-3962-9225-B14175101AF9}.Debug|x64.Build.0 = Debug|x64
		{19A15653-BED0-3962-9225-B14175101AF9}.Release|x64.ActiveCfg = Release|x64
		{19A15653-BED0-3962-9225-B14175101AF9}.Release|x64.Build.0 = Release|x64
		{19A15653-BED0-3962-9225-B14175101AF9}.MinSizeRel|x64.ActiveCfg = MinSizeRel|x64
		{19A15653-BED0-3962-9225-B14175101AF9}.MinSizeRel|x64.Build.0 = MinSizeRel|x64
		{19A15653-BED0-3962-9225-B14175101AF9}.RelWithDebInfo|x64.ActiveCfg = RelWithDebInfo|x64
		{19A15653-BED0-3962-9225-B14175101AF9}.RelWithDebInfo|x64.Build.0 = RelWithDebInfo|x64
		{8FBE4EB9-076A-346F-AE1F-9A7FB63F788E}.Debug|x64.ActiveCfg = Debug|x64
		{8FBE4EB9-076A-346F-AE1F-9A7FB63F788E}.Debug|x64.Build.0 = Debug|x64
		{8FBE4EB9-076A-346F-AE1F-9A7FB63F788E}.Release|x64.ActiveCfg = Release|x64
		{8FBE4EB9-076A-346F-AE1F-9A7FB63F788E}.Release|x64.Build.0 = Release|x64
		{8FBE4EB9-076A-346F-AE1F-9A7FB63F788E}.MinSizeRel|x64.ActiveCfg = MinSizeRel|x64
		{8FBE4EB9-076A-346F-AE1F-9A7FB63F788E}.MinSizeRel|x64.Build.0 = MinSizeRel|x64
		{8FBE4EB9-076A-346F-AE1F-9A7FB63F788E}.RelWithDebInfo|x64.ActiveCfg = RelWithDebInfo|x64
		{8FBE4EB9-076A-346F-AE1F-9A7FB63F788E}.RelWithDebInfo|x64.Build.0 = RelWithDebInfo|x64
		{42FB1A1C-7292-31DF-AFBA-49C44A44F5CD}.Debug|x64.ActiveCfg = Debug|x64
		{42FB1A1C-7292-31DF-AFBA-49C44A44F5CD}.Debug|x64.Build.0 = Debug|x64
		{42FB1A1C-7292-31DF-AFBA-49C44A44F5CD}.Release|x64.ActiveCfg = Release|x64
		{42FB1A1C-7292-31DF-AFBA-49C44A44F5CD}.Release|x64.Build.0 = Release|x64
		{42FB1A1C-7292-31DF-AFBA-49C44A44F5CD}.MinSizeRel|x64.ActiveCfg = MinSizeRel|x64
		{42FB1A1C-7292-31DF-AFBA-49C44A44F5CD}.MinSizeRel|x64.Build.0 = MinSizeRel|x64
		{42FB1A1C-7292-31DF-AFBA-49C44A44F5CD}.RelWithDebInfo|x64.ActiveCfg = RelWithDebInfo|x64
		{42FB1A1C-7292-31DF-AFBA-49C44A44F5CD}.RelWithDebInfo|x64.Build.0 = RelWithDebInfo|x64
		{13393246-70ED-3CAA-86D1-CF2C646456A4}.Debug|x64.ActiveCfg = Debug|x64
		{13393246-70ED-3CAA-86D1-CF2C646456A4}.Debug|x64.Build.0 = Debug|x64
		{13393246-70ED-3CAA-86D1-CF2C646456A4}.Release|x64.ActiveCfg = Release|x64
		{13393246-70ED-3CAA-86D1-CF2C646456A4}.Release|x64.Build.0 = Release|x64
		{13393246-70ED-3CAA-86D1-CF2C646456A4}.MinSizeRel|x64.ActiveCfg = MinSizeRel|x64
		{13393246-70ED-3CAA-86D1-CF2C646456A4}.MinSizeRel|x64.Build.0 = MinSizeRel|x64
		{13393246-70ED-3CAA-86D1-CF2C646456A4}.RelWithDebInfo|x64.ActiveCfg = RelWithDebInfo|x64
		{13393246-70ED-3CAA-86D1-CF2C646456A4}.RelWithDebInfo|x64.Build.0 = RelWithDebInfo|x64
		{BEF7FAF8-4938-3DEF-BF84-C8315A5B9B01}.Debug|x64.ActiveCfg = Debug|x64
		{BEF7FAF8-4938-3DEF-BF84-C8315A5B9B01}.Debug|x64.Build.0 = Debug|x64
		{BEF7FAF8-4938-3DEF-BF84-C8315A5B9B01}.Release|x64.ActiveCfg = Release|x64
		{BEF7FAF8-4938-3DEF-BF84-C8315A5B9B01}.Release|x64.Build.0 = Release|x64
		{BEF7FAF8-4938-3DEF-BF84-C8315A5B9B01}.MinSizeRel|x64.ActiveCfg = MinSizeRel|x64
		{BEF7FAF8-4938-3DEF-BF84-C8315A5B9B01}.MinSizeRel|x64.Build.0 = MinSizeRel|x64
		{BEF7FAF8-4938-3DEF-BF84-C8315A5B9B01}.RelWithDebInfo|x64.ActiveCfg = RelWithDebInfo|x64
		{BEF7FAF8-4938-3DEF-BF84-C8315A5B9B01}.RelWithDebInfo|x64.Build.0 = RelWithDebInfo|x64
		{F08113E1-ABE7-3F9F-9D18-77C454D276C4}.Debug|x64.ActiveCfg = Debug|x64
		{F08113E1-ABE7-3F9F-9D18-77C454D276C4}.Debug|x64.Build.0 = Debug|x64
		{F08113E1-ABE7-3F9F-9D18-77C454D276C4}.Release|x64.ActiveCfg = Release|x64
		{F08113E1-ABE7-3F9F-9D18-77C454D276C4}.Release|x64.Build.0 = Release|x64
		{F08113E1-ABE7-3F9F-9D18-77C454D276C4}.MinSizeRel|x64.ActiveCfg = MinSizeRel|x64
		{F08113E1-ABE7-3F9F-9D18-77C454D276C4}.MinSizeRel|x64.Build.0 = MinSizeRel|x64
		{F08113E1-ABE7-3F9F-9D18-77C454D276C4}.RelWithDebInfo|x64.ActiveCfg = RelWithDebInfo|x64
		{F08113E1-ABE7-3F9F-9D18-77C454D276C4}.RelWithDebInfo|x64.Build.0 = RelWithDebInfo|x64
		{77A1E8F2-83C4-37A2-AC22-21B0BB14822A}.Debug|x64.ActiveCfg = Debug|x64
		{77A1E8F2-83C4-37A2-AC22-21B0BB14822A}.Debug|x64.Build.0 = Debug|x64
		{77A1E8F2-83C4-37A2-AC22-21B0BB14822A}.Release|x64.ActiveCfg = Release|x64
		{77A1E8F2-83C4-37A2-AC22-21B0BB14822A}.Release|x64.Build.0 = Release|x64
		{77A1E8F2-83C4-37A2-AC22-21B0BB14822A}.MinSizeRel|x64.ActiveCfg = MinSizeRel|x64
		{77A1E8F2-83C4-37A2-AC22-21B0BB14822A}.MinSizeRel|x64.Build.0 = MinSizeRel|x64
		{77A1E8F2-83C4-37A2-AC22-21B0BB14822A}.RelWithDebInfo|x64.ActiveCfg = RelWithDebInfo|x64
		{77A1E8F2-83C4-37A2-AC22-21B0BB14822A}.RelWithDebInfo|x64.Build.0 = RelWithDebInfo|x64
		{518C6E9C-1970-360F-991A-570D409D6AD3}.Debug|x64.ActiveCfg = Debug|x64
		{518C6E9C-1970-360F-991A-570D409D6AD3}.Debug|x64.Build.0 = Debug|x64
		{518C6E9C-1970-360F-991A-570D409D6AD3}.Release|x64.ActiveCfg = Release|x64
		{518C6E9C-1970-360F-991A-570D409D6AD3}.Release|x64.Build.0 = Release|x64
		{518C6E9C-1970-360F-991A-570D409D6AD3}.MinSizeRel|x64.ActiveCfg = MinSizeRel|x64
		{518C6E9C-1970-360F-991A-570D409D6AD3}.MinSizeRel|x64.Build.0 = MinSizeRel|x64
		{518C6E9C-1970-360F-991A-570D409D6AD3}.RelWithDebInfo|x64.ActiveCfg = RelWithDebInfo|x64
		{518C6E9C-1970-360F-991A-570D409D6AD3}.RelWithDebInfo|x64.Build.0 = RelWithDebInfo|x64
		{E2EC4F9E-37D5-37E4-8301-1BD14C9BDCB2}.Debug|x64.ActiveCfg = Debug|x64
		{E2EC4F9E-37D5-37E4-8301-1BD14C9BDCB2}.Debug|x64.Build.0 = Debug|x64
		{E2EC4F9E-37D5-37E4-8301-1BD14C9BDCB2}.Release|x64.ActiveCfg = Release|x64
		{E2EC4F9E-37D5-37E4-8301-1BD14C9BDCB2}.Release|x64.Build.0 = Release|x64
		{E2EC4F9E-37D5-37E4-8301-1BD14C9BDCB2}.MinSizeRel|x64.ActiveCfg = MinSizeRel|x64
		{E2EC4F9E-37D5-37E4-8301-1BD14C9BDCB2}.MinSizeRel|x64.Build.0 = MinSizeRel|x64
		{E2EC4F9E-37D5-37E4-8301-1BD14C9BDCB2}.RelWithDebInfo|x64.ActiveCfg = RelWithDebInfo|x64
		{E2EC4F9E-37D5-37E4-8301-1BD14C9BDCB2}.RelWithDebInfo|x64.Build.0 = RelWithDebInfo|x64
	EndGlobalSection
	GlobalSection(ExtensibilityGlobals) = postSolution
	EndGlobalSection
	GlobalSection(ExtensibilityAddIns) = postSolution
	EndGlobalSection
EndGlobal
