<?xml version="1.0" encoding="UTF-8"?>
<Project ToolsVersion="15.0" xmlns="http://schemas.microsoft.com/developer/msbuild/2003">
  <ItemGroup>
    <CustomBuild Include="C:\Users\test\Source\Repos\Lilla-Spelprojektet-Grupp-2\Bullet\CMakeFiles\8834e241ee193f08d913981be140cde2\RUN_TESTS_force.rule">
      <Filter>CMake Rules</Filter>
    </CustomBuild>
  </ItemGroup>
  <ItemGroup>
    <Filter Include="CMake Rules">
      <UniqueIdentifier>{9A665D53-329D-3C07-AA28-E8A5C7BE7A22}</UniqueIdentifier>
    </Filter>
  </ItemGroup>
</Project>
